
Microsoft Visual Studio Solution File, Format Version 12.00
# Visual Studio Version 17
VisualStudioVersion = 17.9.34728.123
MinimumVisualStudioVersion = 10.0.40219.1
Project("{FAE04EC0-301F-11D3-BF4B-00C04F79EFBC}") = "CMDB-PROGRAMOWANIE", "CMDB-PROGRAMOWANIE\CMDB-PROGRAMOWANIE.csproj", "{ABED2D62-DB50-4228-9D9F-CDBC08E6A33E}"
EndProject
Global
	GlobalSection(SolutionConfigurationPlatforms) = preSolution
		Debug|Any CPU = Debug|Any CPU
		Release|Any CPU = Release|Any CPU
	EndGlobalSection
	GlobalSection(ProjectConfigurationPlatforms) = postSolution
		{ABED2D62-DB50-4228-9D9F-CDBC08E6A33E}.Debug|Any CPU.ActiveCfg = Debug|Any CPU
		{ABED2D62-DB50-4228-9D9F-CDBC08E6A33E}.Debug|Any CPU.Build.0 = Debug|Any CPU
		{ABED2D62-DB50-4228-9D9F-CDBC08E6A33E}.Release|Any CPU.ActiveCfg = Release|Any CPU
		{ABED2D62-DB50-4228-9D9F-CDBC08E6A33E}.Release|Any CPU.Build.0 = Release|Any CPU
	EndGlobalSection
	GlobalSection(SolutionProperties) = preSolution
		HideSolutionNode = FALSE
	EndGlobalSection
	GlobalSection(ExtensibilityGlobals) = postSolution
		SolutionGuid = {19E8D942-987C-4A92-960F-7107D6660A7E}
	EndGlobalSection
EndGlobal
