
Microsoft Visual Studio Solution File, Format Version 12.00
# Visual Studio Version 17
VisualStudioVersion = 17.9.34728.123
MinimumVisualStudioVersion = 10.0.40219.1
Project("{9A19103F-16F7-4668-BE54-9A1E7A4F7556}") = "CMDB", "CMDB\CMDB.csproj", "{B6EF02E7-0CBF-4E61-B072-069AB5D00C89}"
EndProject
Global
	GlobalSection(SolutionConfigurationPlatforms) = preSolution
		Debug|Any CPU = Debug|Any CPU
		Release|Any CPU = Release|Any CPU
	EndGlobalSection
	GlobalSection(ProjectConfigurationPlatforms) = postSolution
		{B6EF02E7-0CBF-4E61-B072-069AB5D00C89}.Debug|Any CPU.ActiveCfg = Debug|Any CPU
		{B6EF02E7-0CBF-4E61-B072-069AB5D00C89}.Debug|Any CPU.Build.0 = Debug|Any CPU
		{B6EF02E7-0CBF-4E61-B072-069AB5D00C89}.Release|Any CPU.ActiveCfg = Release|Any CPU
		{B6EF02E7-0CBF-4E61-B072-069AB5D00C89}.Release|Any CPU.Build.0 = Release|Any CPU
	EndGlobalSection
	GlobalSection(SolutionProperties) = preSolution
		HideSolutionNode = FALSE
	EndGlobalSection
	GlobalSection(ExtensibilityGlobals) = postSolution
		SolutionGuid = {06BBEFE6-25F7-419A-97DD-10A45A6C1386}
	EndGlobalSection
EndGlobal
